
Microsoft Visual Studio Solution File, Format Version 12.00
# Visual Studio 2013
VisualStudioVersion = 12.0.30723.0
MinimumVisualStudioVersion = 10.0.40219.1
Project("{FAE04EC0-301F-11D3-BF4B-00C04F79EFBC}") = "WebAppWithWebJobsVS", "WebAppWithWebJobsVS\WebAppWithWebJobsVS.csproj", "{DEC9A0C1-35E9-4019-8EF8-853F194A4E7D}"
EndProject
Project("{FAE04EC0-301F-11D3-BF4B-00C04F79EFBC}") = "MyTriggeredWebJob", "MyTriggeredWebJob\MyTriggeredWebJob.csproj", "{D36C5EDA-0A46-4FE9-99D7-7CD3AF0DFD30}"
EndProject
Project("{FAE04EC0-301F-11D3-BF4B-00C04F79EFBC}") = "MyContinuousWebJob", "MyContinuousWebJob\MyContinuousWebJob.csproj", "{2BA3C371-6BCA-44E5-B766-F7CD02AAC9A4}"
EndProject
Project("{FAE04EC0-301F-11D3-BF4B-00C04F79EFBC}") = "MyScheduledWebJob", "MyScheduledWebJob\MyScheduledWebJob.csproj", "{1B034B9B-64A2-406C-B0A6-E55C50D61A9C}"
EndProject
Global
	GlobalSection(SolutionConfigurationPlatforms) = preSolution
		Debug|Any CPU = Debug|Any CPU
		Release|Any CPU = Release|Any CPU
	EndGlobalSection
	GlobalSection(ProjectConfigurationPlatforms) = postSolution
		{DEC9A0C1-35E9-4019-8EF8-853F194A4E7D}.Debug|Any CPU.ActiveCfg = Debug|Any CPU
		{DEC9A0C1-35E9-4019-8EF8-853F194A4E7D}.Debug|Any CPU.Build.0 = Debug|Any CPU
		{DEC9A0C1-35E9-4019-8EF8-853F194A4E7D}.Release|Any CPU.ActiveCfg = Release|Any CPU
		{DEC9A0C1-35E9-4019-8EF8-853F194A4E7D}.Release|Any CPU.Build.0 = Release|Any CPU
		{D36C5EDA-0A46-4FE9-99D7-7CD3AF0DFD30}.Debug|Any CPU.ActiveCfg = Debug|Any CPU
		{D36C5EDA-0A46-4FE9-99D7-7CD3AF0DFD30}.Debug|Any CPU.Build.0 = Debug|Any CPU
		{D36C5EDA-0A46-4FE9-99D7-7CD3AF0DFD30}.Release|Any CPU.ActiveCfg = Release|Any CPU
		{D36C5EDA-0A46-4FE9-99D7-7CD3AF0DFD30}.Release|Any CPU.Build.0 = Release|Any CPU
		{2BA3C371-6BCA-44E5-B766-F7CD02AAC9A4}.Debug|Any CPU.ActiveCfg = Debug|Any CPU
		{2BA3C371-6BCA-44E5-B766-F7CD02AAC9A4}.Debug|Any CPU.Build.0 = Debug|Any CPU
		{2BA3C371-6BCA-44E5-B766-F7CD02AAC9A4}.Release|Any CPU.ActiveCfg = Release|Any CPU
		{2BA3C371-6BCA-44E5-B766-F7CD02AAC9A4}.Release|Any CPU.Build.0 = Release|Any CPU
		{1B034B9B-64A2-406C-B0A6-E55C50D61A9C}.Debug|Any CPU.ActiveCfg = Debug|Any CPU
		{1B034B9B-64A2-406C-B0A6-E55C50D61A9C}.Debug|Any CPU.Build.0 = Debug|Any CPU
		{1B034B9B-64A2-406C-B0A6-E55C50D61A9C}.Release|Any CPU.ActiveCfg = Release|Any CPU
		{1B034B9B-64A2-406C-B0A6-E55C50D61A9C}.Release|Any CPU.Build.0 = Release|Any CPU
	EndGlobalSection
	GlobalSection(SolutionProperties) = preSolution
		HideSolutionNode = FALSE
	EndGlobalSection
EndGlobal
